schema: '2.0'
stages:
  data_collection:
    cmd: python src/data/data_collection.py
    deps:
    - path: src/data/data_collection.py
      hash: md5
      md5: 611408fd5fd87046b07992cae297505d
      size: 1960
    params:
      params.yaml:
        data_collection.test_size: 0.2
    outs:
    - path: data/raw
      hash: md5
      md5: c0c2d65c14a603e91e029fda3c344a5c.dir
      size: 522262
      nfiles: 2
  pre_processing:
    cmd: python src/data/data_prep.py
    deps:
    - path: data/raw
      hash: md5
      md5: c0c2d65c14a603e91e029fda3c344a5c.dir
      size: 522262
      nfiles: 2
    - path: src/data/data_prep.py
      hash: md5
      md5: e350996e68af66eef87484a7c0778aa8
      size: 1856
    outs:
    - path: data/processed
      hash: md5
      md5: 09d7d1468d5c1e6739769af7e3154438.dir
      size: 546137
      nfiles: 2
  model_building:
    cmd: python src/model/model_building.py
    deps:
    - path: data/processed
      hash: md5
      md5: 09d7d1468d5c1e6739769af7e3154438.dir
      size: 546137
      nfiles: 2
    - path: src/model/model_building.py
      hash: md5
      md5: 1a65a69ac8b5a5db61c92a1de4c6d90a
      size: 2494
    params:
      params.yaml:
        model_building.n_estimators: 100
    outs:
    - path: models/model.pkl
      hash: md5
      md5: 4c2d55f26259cc6536e58c5acd177519
      size: 7380787
  model_eval:
    cmd: python src/model/model_eval.py
    deps:
    - path: models/model.pkl
      hash: md5
      md5: 4c2d55f26259cc6536e58c5acd177519
      size: 7380787
    - path: src/model/model_eval.py
      hash: md5
      md5: 3452fa6bee0133d81a9dcc80089a538b
      size: 2572
    outs:
    - path: reports/metrics.json
      hash: md5
      md5: 1a5667117b7a741e3ba7bba4748bd7e1
      size: 145
